Microsoft Visual Studio Solution File, Format Version 12.00
# Visual Studio Version 16
VisualStudioVersion = 16.0.30503.244
MinimumVisualStudioVersion = 10.0.40219.1
Project("{8BC9CEB8-8B4A-11D0-8D11-00A0C91BC942}") = "driver", "driver.vcxproj", "{A5E74A24-E6CF-498B-A9C8-6922C70510E4}"
	ProjectSection(ProjectDependencies) = postProject
		{152CE948-F659-4206-A50A-1D2B9658EF96} = {152CE948-F659-4206-A50A-1D2B9658EF96}
		{349EE8F9-7D25-4909-AAF5-FF3FADE72187} = {349EE8F9-7D25-4909-AAF5-FF3FADE72187}
	EndProjectSection
EndProject
Project("{8BC9CEB8-8B4A-11D0-8D11-00A0C91BC942}") = "nitro", "test.vcxproj", "{57223B0F-0EF4-488E-BC21-2A49D54B1563}"
EndProject
Project("{8BC9CEB8-8B4A-11D0-8D11-00A0C91BC942}") = "csharp", "..\csharp\csharp.vcxproj", "{41D52D5C-8275-4614-8EF5-863C325A051B}"
EndProject
Project("{8BC9CEB8-8B4A-11D0-8D11-00A0C91BC942}") = "tests", "tests.vcxproj", "{D096ED14-4894-434D-9C12-1E563666480B}"
EndProject
Project("{8BC9CEB8-8B4A-11D0-8D11-00A0C91BC942}") = "userdev_dll", "userdev_dll.vcxproj", "{802E1DDF-26D6-402E-BC4C-FA3F30F6F7E0}"
EndProject
Project("{8BC9CEB8-8B4A-11D0-8D11-00A0C91BC942}") = "nitro_version", "nitro_version.vcxproj", "{FE739FA4-C983-4E1B-9247-EEE2C97A8D68}"
EndProject
Project("{8BC9CEB8-8B4A-11D0-8D11-00A0C91BC942}") = "python", "python.vcxproj", "{62F731E7-BFFB-403C-AD8C-CCBEBFAE8F7F}"
EndProject
Project("{8BC9CEB8-8B4A-11D0-8D11-00A0C91BC942}") = "XercesLib", "xerces-c\projects\Win32\VC14\xerces-all\XercesLib\XercesLib.vcxproj", "{152CE948-F659-4206-A50A-1D2B9658EF96}"
EndProject
Project("{8BC9CEB8-8B4A-11D0-8D11-00A0C91BC942}") = "libusb-1.0 (static)", "libusb\msvc\libusb_static_2019.vcxproj", "{349EE8F9-7D25-4909-AAF5-FF3FADE72187}"
EndProject
Global
	GlobalSection(SolutionConfigurationPlatforms) = preSolution
		Debug|ARM = Debug|ARM
		Debug|ARM64 = Debug|ARM64
		Debug|Win32 = Debug|Win32
		Debug|x64 = Debug|x64
		ICU Debug|ARM = ICU Debug|ARM
		ICU Debug|ARM64 = ICU Debug|ARM64
		ICU Debug|Win32 = ICU Debug|Win32
		ICU Debug|x64 = ICU Debug|x64
		ICU Release|ARM = ICU Release|ARM
		ICU Release|ARM64 = ICU Release|ARM64
		ICU Release|Win32 = ICU Release|Win32
		ICU Release|x64 = ICU Release|x64
		Release|ARM = Release|ARM
		Release|ARM64 = Release|ARM64
		Release|Win32 = Release|Win32
		Release|x64 = Release|x64
		Static Debug|ARM = Static Debug|ARM
		Static Debug|ARM64 = Static Debug|ARM64
		Static Debug|Win32 = Static Debug|Win32
		Static Debug|x64 = Static Debug|x64
		Static Release|ARM = Static Release|ARM
		Static Release|ARM64 = Static Release|ARM64
		Static Release|Win32 = Static Release|Win32
		Static Release|x64 = Static Release|x64
		Static|ARM = Static|ARM
		Static|ARM64 = Static|ARM64
		Static|Win32 = Static|Win32
		Static|x64 = Static|x64
		Test Debug|ARM = Test Debug|ARM
		Test Debug|ARM64 = Test Debug|ARM64
		Test Debug|Win32 = Test Debug|Win32
		Test Debug|x64 = Test Debug|x64
		Test|ARM = Test|ARM
		Test|ARM64 = Test|ARM64
		Test|Win32 = Test|Win32
		Test|x64 = Test|x64
	EndGlobalSection
	GlobalSection(ProjectConfigurationPlatforms) = postSolution
		{A5E74A24-E6CF-498B-A9C8-6922C70510E4}.Debug|ARM.ActiveCfg = Debug|Win32
		{A5E74A24-E6CF-498B-A9C8-6922C70510E4}.Debug|ARM64.ActiveCfg = Debug|Win32
		{A5E74A24-E6CF-498B-A9C8-6922C70510E4}.Debug|Win32.ActiveCfg = Debug|Win32
		{A5E74A24-E6CF-498B-A9C8-6922C70510E4}.Debug|Win32.Build.0 = Debug|Win32
		{A5E74A24-E6CF-498B-A9C8-6922C70510E4}.Debug|x64.ActiveCfg = Debug|Win32
		{A5E74A24-E6CF-498B-A9C8-6922C70510E4}.Debug|x64.Build.0 = Debug|Win32
		{A5E74A24-E6CF-498B-A9C8-6922C70510E4}.ICU Debug|ARM.ActiveCfg = Win64|x64
		{A5E74A24-E6CF-498B-A9C8-6922C70510E4}.ICU Debug|ARM.Build.0 = Win64|x64
		{A5E74A24-E6CF-498B-A9C8-6922C70510E4}.ICU Debug|ARM64.ActiveCfg = Win64|x64
		{A5E74A24-E6CF-498B-A9C8-6922C70510E4}.ICU Debug|ARM64.Build.0 = Win64|x64
		{A5E74A24-E6CF-498B-A9C8-6922C70510E4}.ICU Debug|Win32.ActiveCfg = Debug|Win32
		{A5E74A24-E6CF-498B-A9C8-6922C70510E4}.ICU Debug|Win32.Build.0 = Debug|Win32
		{A5E74A24-E6CF-498B-A9C8-6922C70510E4}.ICU Debug|x64.ActiveCfg = Debug|x64
		{A5E74A24-E6CF-498B-A9C8-6922C70510E4}.ICU Debug|x64.Build.0 = Debug|x64
		{A5E74A24-E6CF-498B-A9C8-6922C70510E4}.ICU Release|ARM.ActiveCfg = Win64|x64
		{A5E74A24-E6CF-498B-A9C8-6922C70510E4}.ICU Release|ARM.Build.0 = Win64|x64
		{A5E74A24-E6CF-498B-A9C8-6922C70510E4}.ICU Release|ARM64.ActiveCfg = Win64|x64
		{A5E74A24-E6CF-498B-A9C8-6922C70510E4}.ICU Release|ARM64.Build.0 = Win64|x64
		{A5E74A24-E6CF-498B-A9C8-6922C70510E4}.ICU Release|Win32.ActiveCfg = Release|Win32
		{A5E74A24-E6CF-498B-A9C8-6922C70510E4}.ICU Release|Win32.Build.0 = Release|Win32
		{A5E74A24-E6CF-498B-A9C8-6922C70510E4}.ICU Release|x64.ActiveCfg = Release|x64
		{A5E74A24-E6CF-498B-A9C8-6922C70510E4}.ICU Release|x64.Build.0 = Release|x64
		{A5E74A24-E6CF-498B-A9C8-6922C70510E4}.Release|ARM.ActiveCfg = Release|Win32
		{A5E74A24-E6CF-498B-A9C8-6922C70510E4}.Release|ARM64.ActiveCfg = Release|Win32
		{A5E74A24-E6CF-498B-A9C8-6922C70510E4}.Release|Win32.ActiveCfg = Release|Win32
		{A5E74A24-E6CF-498B-A9C8-6922C70510E4}.Release|Win32.Build.0 = Release|Win32
		{A5E74A24-E6CF-498B-A9C8-6922C70510E4}.Release|x64.ActiveCfg = Release|x64
		{A5E74A24-E6CF-498B-A9C8-6922C70510E4}.Release|x64.Build.0 = Release|x64
		{A5E74A24-E6CF-498B-A9C8-6922C70510E4}.Static Debug|ARM.ActiveCfg = Static Debug|Win32
		{A5E74A24-E6CF-498B-A9C8-6922C70510E4}.Static Debug|ARM64.ActiveCfg = Static Debug|Win32
		{A5E74A24-E6CF-498B-A9C8-6922C70510E4}.Static Debug|Win32.ActiveCfg = Static Debug|Win32
		{A5E74A24-E6CF-498B-A9C8-6922C70510E4}.Static Debug|Win32.Build.0 = Static Debug|Win32
		{A5E74A24-E6CF-498B-A9C8-6922C70510E4}.Static Debug|x64.ActiveCfg = Static Debug|x64
		{A5E74A24-E6CF-498B-A9C8-6922C70510E4}.Static Debug|x64.Build.0 = Static Debug|x64
		{A5E74A24-E6CF-498B-A9C8-6922C70510E4}.Static Release|ARM.ActiveCfg = Static Release|Win32
		{A5E74A24-E6CF-498B-A9C8-6922C70510E4}.Static Release|ARM64.ActiveCfg = Static Release|Win32
		{A5E74A24-E6CF-498B-A9C8-6922C70510E4}.Static Release|Win32.ActiveCfg = Static Release|Win32
		{A5E74A24-E6CF-498B-A9C8-6922C70510E4}.Static Release|Win32.Build.0 = Static Release|Win32
		{A5E74A24-E6CF-498B-A9C8-6922C70510E4}.Static Release|x64.ActiveCfg = Static Release|x64
		{A5E74A24-E6CF-498B-A9C8-6922C70510E4}.Static Release|x64.Build.0 = Static Release|x64
		{A5E74A24-E6CF-498B-A9C8-6922C70510E4}.Static|ARM.ActiveCfg = Win64|x64
		{A5E74A24-E6CF-498B-A9C8-6922C70510E4}.Static|ARM.Build.0 = Win64|x64
		{A5E74A24-E6CF-498B-A9C8-6922C70510E4}.Static|ARM64.ActiveCfg = Win64|x64
		{A5E74A24-E6CF-498B-A9C8-6922C70510E4}.Static|ARM64.Build.0 = Win64|x64
		{A5E74A24-E6CF-498B-A9C8-6922C70510E4}.Static|Win32.ActiveCfg = Static Release|Win32
		{A5E74A24-E6CF-498B-A9C8-6922C70510E4}.Static|Win32.Build.0 = Static Release|Win32
		{A5E74A24-E6CF-498B-A9C8-6922C70510E4}.Static|x64.ActiveCfg = Static Release|Win32
		{A5E74A24-E6CF-498B-A9C8-6922C70510E4}.Static|x64.Build.0 = Static Release|Win32
		{A5E74A24-E6CF-498B-A9C8-6922C70510E4}.Test Debug|ARM.ActiveCfg = Win64|x64
		{A5E74A24-E6CF-498B-A9C8-6922C70510E4}.Test Debug|ARM.Build.0 = Win64|x64
		{A5E74A24-E6CF-498B-A9C8-6922C70510E4}.Test Debug|ARM64.ActiveCfg = Win64|x64
		{A5E74A24-E6CF-498B-A9C8-6922C70510E4}.Test Debug|ARM64.Build.0 = Win64|x64
		{A5E74A24-E6CF-498B-A9C8-6922C70510E4}.Test Debug|Win32.ActiveCfg = Debug|Win32
		{A5E74A24-E6CF-498B-A9C8-6922C70510E4}.Test Debug|Win32.Build.0 = Debug|Win32
		{A5E74A24-E6CF-498B-A9C8-6922C70510E4}.Test Debug|x64.ActiveCfg = Debug|Win32
		{A5E74A24-E6CF-498B-A9C8-6922C70510E4}.Test Debug|x64.Build.0 = Debug|Win32
		{A5E74A24-E6CF-498B-A9C8-6922C70510E4}.Test|ARM.ActiveCfg = Win64|x64
		{A5E74A24-E6CF-498B-A9C8-6922C70510E4}.Test|ARM.Build.0 = Win64|x64
		{A5E74A24-E6CF-498B-A9C8-6922C70510E4}.Test|ARM64.ActiveCfg = Win64|x64
		{A5E74A24-E6CF-498B-A9C8-6922C70510E4}.Test|ARM64.Build.0 = Win64|x64
		{A5E74A24-E6CF-498B-A9C8-6922C70510E4}.Test|Win32.ActiveCfg = Release|Win32
		{A5E74A24-E6CF-498B-A9C8-6922C70510E4}.Test|Win32.Build.0 = Release|Win32
		{A5E74A24-E6CF-498B-A9C8-6922C70510E4}.Test|x64.ActiveCfg = Release|Win32
		{A5E74A24-E6CF-498B-A9C8-6922C70510E4}.Test|x64.Build.0 = Release|Win32
		{57223B0F-0EF4-488E-BC21-2A49D54B1563}.Debug|ARM.ActiveCfg = Debug|Win32
		{57223B0F-0EF4-488E-BC21-2A49D54B1563}.Debug|ARM64.ActiveCfg = Debug|Win32
		{57223B0F-0EF4-488E-BC21-2A49D54B1563}.Debug|Win32.ActiveCfg = Debug|Win32
		{57223B0F-0EF4-488E-BC21-2A49D54B1563}.Debug|Win32.Build.0 = Debug|Win32
		{57223B0F-0EF4-488E-BC21-2A49D54B1563}.Debug|x64.ActiveCfg = Debug|Win32
		{57223B0F-0EF4-488E-BC21-2A49D54B1563}.Debug|x64.Build.0 = Debug|Win32
		{57223B0F-0EF4-488E-BC21-2A49D54B1563}.ICU Debug|ARM.ActiveCfg = Win64|x64
		{57223B0F-0EF4-488E-BC21-2A49D54B1563}.ICU Debug|ARM.Build.0 = Win64|x64
		{57223B0F-0EF4-488E-BC21-2A49D54B1563}.ICU Debug|ARM64.ActiveCfg = Win64|x64
		{57223B0F-0EF4-488E-BC21-2A49D54B1563}.ICU Debug|ARM64.Build.0 = Win64|x64
		{57223B0F-0EF4-488E-BC21-2A49D54B1563}.ICU Debug|Win32.ActiveCfg = Debug|Win32
		{57223B0F-0EF4-488E-BC21-2A49D54B1563}.ICU Debug|Win32.Build.0 = Debug|Win32
		{57223B0F-0EF4-488E-BC21-2A49D54B1563}.ICU Debug|x64.ActiveCfg = Debug|x64
		{57223B0F-0EF4-488E-BC21-2A49D54B1563}.ICU Debug|x64.Build.0 = Debug|x64
		{57223B0F-0EF4-488E-BC21-2A49D54B1563}.ICU Release|ARM.ActiveCfg = Win64|x64
		{57223B0F-0EF4-488E-BC21-2A49D54B1563}.ICU Release|ARM.Build.0 = Win64|x64
		{57223B0F-0EF4-488E-BC21-2A49D54B1563}.ICU Release|ARM64.ActiveCfg = Win64|x64
		{57223B0F-0EF4-488E-BC21-2A49D54B1563}.ICU Release|ARM64.Build.0 = Win64|x64
		{57223B0F-0EF4-488E-BC21-2A49D54B1563}.ICU Release|Win32.ActiveCfg = Release|Win32
		{57223B0F-0EF4-488E-BC21-2A49D54B1563}.ICU Release|Win32.Build.0 = Release|Win32
		{57223B0F-0EF4-488E-BC21-2A49D54B1563}.ICU Release|x64.ActiveCfg = Release|x64
		{57223B0F-0EF4-488E-BC21-2A49D54B1563}.ICU Release|x64.Build.0 = Release|x64
		{57223B0F-0EF4-488E-BC21-2A49D54B1563}.Release|ARM.ActiveCfg = Release|Win32
		{57223B0F-0EF4-488E-BC21-2A49D54B1563}.Release|ARM64.ActiveCfg = Release|Win32
		{57223B0F-0EF4-488E-BC21-2A49D54B1563}.Release|Win32.ActiveCfg = Release|Win32
		{57223B0F-0EF4-488E-BC21-2A49D54B1563}.Release|Win32.Build.0 = Release|Win32
		{57223B0F-0EF4-488E-BC21-2A49D54B1563}.Release|x64.ActiveCfg = Release|x64
		{57223B0F-0EF4-488E-BC21-2A49D54B1563}.Release|x64.Build.0 = Release|x64
		{57223B0F-0EF4-488E-BC21-2A49D54B1563}.Static Debug|ARM.ActiveCfg = Win64|x64
		{57223B0F-0EF4-488E-BC21-2A49D54B1563}.Static Debug|ARM.Build.0 = Win64|x64
		{57223B0F-0EF4-488E-BC21-2A49D54B1563}.Static Debug|ARM64.ActiveCfg = Win64|x64
		{57223B0F-0EF4-488E-BC21-2A49D54B1563}.Static Debug|ARM64.Build.0 = Win64|x64
		{57223B0F-0EF4-488E-BC21-2A49D54B1563}.Static Debug|Win32.ActiveCfg = Debug|Win32
		{57223B0F-0EF4-488E-BC21-2A49D54B1563}.Static Debug|Win32.Build.0 = Debug|Win32
		{57223B0F-0EF4-488E-BC21-2A49D54B1563}.Static Debug|x64.ActiveCfg = Debug|x64
		{57223B0F-0EF4-488E-BC21-2A49D54B1563}.Static Debug|x64.Build.0 = Debug|x64
		{57223B0F-0EF4-488E-BC21-2A49D54B1563}.Static Release|ARM.ActiveCfg = Static Release|Win32
		{57223B0F-0EF4-488E-BC21-2A49D54B1563}.Static Release|ARM64.ActiveCfg = Static Release|Win32
		{57223B0F-0EF4-488E-BC21-2A49D54B1563}.Static Release|Win32.ActiveCfg = Static Release|Win32
		{57223B0F-0EF4-488E-BC21-2A49D54B1563}.Static Release|Win32.Build.0 = Static Release|Win32
		{57223B0F-0EF4-488E-BC21-2A49D54B1563}.Static Release|x64.ActiveCfg = Static Release|x64
		{57223B0F-0EF4-488E-BC21-2A49D54B1563}.Static Release|x64.Build.0 = Static Release|x64
		{57223B0F-0EF4-488E-BC21-2A49D54B1563}.Static|ARM.ActiveCfg = Win64|x64
		{57223B0F-0EF4-488E-BC21-2A49D54B1563}.Static|ARM.Build.0 = Win64|x64
		{57223B0F-0EF4-488E-BC21-2A49D54B1563}.Static|ARM64.ActiveCfg = Win64|x64
		{57223B0F-0EF4-488E-BC21-2A49D54B1563}.Static|ARM64.Build.0 = Win64|x64
		{57223B0F-0EF4-488E-BC21-2A49D54B1563}.Static|Win32.ActiveCfg = Static Release|Win32
		{57223B0F-0EF4-488E-BC21-2A49D54B1563}.Static|Win32.Build.0 = Static Release|Win32
		{57223B0F-0EF4-488E-BC21-2A49D54B1563}.Static|x64.ActiveCfg = Static Release|Win32
		{57223B0F-0EF4-488E-BC21-2A49D54B1563}.Static|x64.Build.0 = Static Release|Win32
		{57223B0F-0EF4-488E-BC21-2A49D54B1563}.Test Debug|ARM.ActiveCfg = Win64|x64
		{57223B0F-0EF4-488E-BC21-2A49D54B1563}.Test Debug|ARM.Build.0 = Win64|x64
		{57223B0F-0EF4-488E-BC21-2A49D54B1563}.Test Debug|ARM64.ActiveCfg = Win64|x64
		{57223B0F-0EF4-488E-BC21-2A49D54B1563}.Test Debug|ARM64.Build.0 = Win64|x64
		{57223B0F-0EF4-488E-BC21-2A49D54B1563}.Test Debug|Win32.ActiveCfg = Debug|Win32
		{57223B0F-0EF4-488E-BC21-2A49D54B1563}.Test Debug|x64.ActiveCfg = Debug|Win32
		{57223B0F-0EF4-488E-BC21-2A49D54B1563}.Test|ARM.ActiveCfg = Win64|x64
		{57223B0F-0EF4-488E-BC21-2A49D54B1563}.Test|ARM.Build.0 = Win64|x64
		{57223B0F-0EF4-488E-BC21-2A49D54B1563}.Test|ARM64.ActiveCfg = Win64|x64
		{57223B0F-0EF4-488E-BC21-2A49D54B1563}.Test|ARM64.Build.0 = Win64|x64
		{57223B0F-0EF4-488E-BC21-2A49D54B1563}.Test|Win32.ActiveCfg = Debug|Win32
		{57223B0F-0EF4-488E-BC21-2A49D54B1563}.Test|x64.ActiveCfg = Debug|Win32
		{41D52D5C-8275-4614-8EF5-863C325A051B}.Debug|ARM.ActiveCfg = Debug|Win32
		{41D52D5C-8275-4614-8EF5-863C325A051B}.Debug|ARM64.ActiveCfg = Debug|Win32
		{41D52D5C-8275-4614-8EF5-863C325A051B}.Debug|Win32.ActiveCfg = Debug|Win32
		{41D52D5C-8275-4614-8EF5-863C325A051B}.Debug|Win32.Build.0 = Debug|Win32
		{41D52D5C-8275-4614-8EF5-863C325A051B}.Debug|x64.ActiveCfg = Debug|Win32
		{41D52D5C-8275-4614-8EF5-863C325A051B}.Debug|x64.Build.0 = Debug|Win32
		{41D52D5C-8275-4614-8EF5-863C325A051B}.ICU Debug|ARM.ActiveCfg = Win64|Win32
		{41D52D5C-8275-4614-8EF5-863C325A051B}.ICU Debug|ARM.Build.0 = Win64|Win32
		{41D52D5C-8275-4614-8EF5-863C325A051B}.ICU Debug|ARM64.ActiveCfg = Win64|Win32
		{41D52D5C-8275-4614-8EF5-863C325A051B}.ICU Debug|ARM64.Build.0 = Win64|Win32
		{41D52D5C-8275-4614-8EF5-863C325A051B}.ICU Debug|Win32.ActiveCfg = Debug|Win32
		{41D52D5C-8275-4614-8EF5-863C325A051B}.ICU Debug|Win32.Build.0 = Debug|Win32
		{41D52D5C-8275-4614-8EF5-863C325A051B}.ICU Debug|x64.ActiveCfg = Debug|Win32
		{41D52D5C-8275-4614-8EF5-863C325A051B}.ICU Release|ARM.ActiveCfg = Win64|Win32
		{41D52D5C-8275-4614-8EF5-863C325A051B}.ICU Release|ARM.Build.0 = Win64|Win32
		{41D52D5C-8275-4614-8EF5-863C325A051B}.ICU Release|ARM64.ActiveCfg = Win64|Win32
		{41D52D5C-8275-4614-8EF5-863C325A051B}.ICU Release|ARM64.Build.0 = Win64|Win32
		{41D52D5C-8275-4614-8EF5-863C325A051B}.ICU Release|Win32.ActiveCfg = Release|Win32
		{41D52D5C-8275-4614-8EF5-863C325A051B}.ICU Release|Win32.Build.0 = Release|Win32
		{41D52D5C-8275-4614-8EF5-863C325A051B}.ICU Release|x64.ActiveCfg = Release|Win32
		{41D52D5C-8275-4614-8EF5-863C325A051B}.Release|ARM.ActiveCfg = Release|Win32
		{41D52D5C-8275-4614-8EF5-863C325A051B}.Release|ARM64.ActiveCfg = Release|Win32
		{41D52D5C-8275-4614-8EF5-863C325A051B}.Release|Win32.ActiveCfg = Release|Win32
		{41D52D5C-8275-4614-8EF5-863C325A051B}.Release|Win32.Build.0 = Release|Win32
		{41D52D5C-8275-4614-8EF5-863C325A051B}.Release|x64.ActiveCfg = Release|Win32
		{41D52D5C-8275-4614-8EF5-863C325A051B}.Static Debug|ARM.ActiveCfg = Win64|Win32
		{41D52D5C-8275-4614-8EF5-863C325A051B}.Static Debug|ARM.Build.0 = Win64|Win32
		{41D52D5C-8275-4614-8EF5-863C325A051B}.Static Debug|ARM64.ActiveCfg = Win64|Win32
		{41D52D5C-8275-4614-8EF5-863C325A051B}.Static Debug|ARM64.Build.0 = Win64|Win32
		{41D52D5C-8275-4614-8EF5-863C325A051B}.Static Debug|Win32.ActiveCfg = Debug|Win32
		{41D52D5C-8275-4614-8EF5-863C325A051B}.Static Debug|Win32.Build.0 = Debug|Win32
		{41D52D5C-8275-4614-8EF5-863C325A051B}.Static Debug|x64.ActiveCfg = Debug|Win32
		{41D52D5C-8275-4614-8EF5-863C325A051B}.Static Release|ARM.ActiveCfg = Win64|Win32
		{41D52D5C-8275-4614-8EF5-863C325A051B}.Static Release|ARM.Build.0 = Win64|Win32
		{41D52D5C-8275-4614-8EF5-863C325A051B}.Static Release|ARM64.ActiveCfg = Win64|Win32
		{41D52D5C-8275-4614-8EF5-863C325A051B}.Static Release|ARM64.Build.0 = Win64|Win32
		{41D52D5C-8275-4614-8EF5-863C325A051B}.Static Release|Win32.ActiveCfg = Release|Win32
		{41D52D5C-8275-4614-8EF5-863C325A051B}.Static Release|Win32.Build.0 = Release|Win32
		{41D52D5C-8275-4614-8EF5-863C325A051B}.Static Release|x64.ActiveCfg = Release|Win32
		{41D52D5C-8275-4614-8EF5-863C325A051B}.Static|ARM.ActiveCfg = Win64|Win32
		{41D52D5C-8275-4614-8EF5-863C325A051B}.Static|ARM.Build.0 = Win64|Win32
		{41D52D5C-8275-4614-8EF5-863C325A051B}.Static|ARM64.ActiveCfg = Win64|Win32
		{41D52D5C-8275-4614-8EF5-863C325A051B}.Static|ARM64.Build.0 = Win64|Win32
		{41D52D5C-8275-4614-8EF5-863C325A051B}.Static|Win32.ActiveCfg = Release|Win32
		{41D52D5C-8275-4614-8EF5-863C325A051B}.Static|x64.ActiveCfg = Release|Win32
		{41D52D5C-8275-4614-8EF5-863C325A051B}.Test Debug|ARM.ActiveCfg = Win64|Win32
		{41D52D5C-8275-4614-8EF5-863C325A051B}.Test Debug|ARM.Build.0 = Win64|Win32
		{41D52D5C-8275-4614-8EF5-863C325A051B}.Test Debug|ARM64.ActiveCfg = Win64|Win32
		{41D52D5C-8275-4614-8EF5-863C325A051B}.Test Debug|ARM64.Build.0 = Win64|Win32
		{41D52D5C-8275-4614-8EF5-863C325A051B}.Test Debug|Win32.ActiveCfg = Debug|Win32
		{41D52D5C-8275-4614-8EF5-863C325A051B}.Test Debug|x64.ActiveCfg = Debug|Win32
		{41D52D5C-8275-4614-8EF5-863C325A051B}.Test|ARM.ActiveCfg = Win64|Win32
		{41D52D5C-8275-4614-8EF5-863C325A051B}.Test|ARM.Build.0 = Win64|Win32
		{41D52D5C-8275-4614-8EF5-863C325A051B}.Test|ARM64.ActiveCfg = Win64|Win32
		{41D52D5C-8275-4614-8EF5-863C325A051B}.Test|ARM64.Build.0 = Win64|Win32
		{41D52D5C-8275-4614-8EF5-863C325A051B}.Test|Win32.ActiveCfg = Debug|Win32
		{41D52D5C-8275-4614-8EF5-863C325A051B}.Test|x64.ActiveCfg = Debug|Win32
		{D096ED14-4894-434D-9C12-1E563666480B}.Debug|ARM.ActiveCfg = Debug|Win32
		{D096ED14-4894-434D-9C12-1E563666480B}.Debug|ARM64.ActiveCfg = Debug|Win32
		{D096ED14-4894-434D-9C12-1E563666480B}.Debug|Win32.ActiveCfg = Debug|Win32
		{D096ED14-4894-434D-9C12-1E563666480B}.Debug|x64.ActiveCfg = Debug|Win32
		{D096ED14-4894-434D-9C12-1E563666480B}.ICU Debug|ARM.ActiveCfg = Win64|Win32
		{D096ED14-4894-434D-9C12-1E563666480B}.ICU Debug|ARM.Build.0 = Win64|Win32
		{D096ED14-4894-434D-9C12-1E563666480B}.ICU Debug|ARM64.ActiveCfg = Win64|Win32
		{D096ED14-4894-434D-9C12-1E563666480B}.ICU Debug|ARM64.Build.0 = Win64|Win32
		{D096ED14-4894-434D-9C12-1E563666480B}.ICU Debug|Win32.ActiveCfg = Debug|Win32
		{D096ED14-4894-434D-9C12-1E563666480B}.ICU Debug|Win32.Build.0 = Debug|Win32
		{D096ED14-4894-434D-9C12-1E563666480B}.ICU Debug|x64.ActiveCfg = Debug|Win32
		{D096ED14-4894-434D-9C12-1E563666480B}.ICU Release|ARM.ActiveCfg = Win64|Win32
		{D096ED14-4894-434D-9C12-1E563666480B}.ICU Release|ARM.Build.0 = Win64|Win32
		{D096ED14-4894-434D-9C12-1E563666480B}.ICU Release|ARM64.ActiveCfg = Win64|Win32
		{D096ED14-4894-434D-9C12-1E563666480B}.ICU Release|ARM64.Build.0 = Win64|Win32
		{D096ED14-4894-434D-9C12-1E563666480B}.ICU Release|Win32.ActiveCfg = Release|Win32
		{D096ED14-4894-434D-9C12-1E563666480B}.ICU Release|Win32.Build.0 = Release|Win32
		{D096ED14-4894-434D-9C12-1E563666480B}.ICU Release|x64.ActiveCfg = Release|Win32
		{D096ED14-4894-434D-9C12-1E563666480B}.Release|ARM.ActiveCfg = Release|Win32
		{D096ED14-4894-434D-9C12-1E563666480B}.Release|ARM64.ActiveCfg = Release|Win32
		{D096ED14-4894-434D-9C12-1E563666480B}.Release|Win32.ActiveCfg = Release|Win32
		{D096ED14-4894-434D-9C12-1E563666480B}.Release|x64.ActiveCfg = Release|Win32
		{D096ED14-4894-434D-9C12-1E563666480B}.Static Debug|ARM.ActiveCfg = Win64|Win32
		{D096ED14-4894-434D-9C12-1E563666480B}.Static Debug|ARM.Build.0 = Win64|Win32
		{D096ED14-4894-434D-9C12-1E563666480B}.Static Debug|ARM64.ActiveCfg = Win64|Win32
		{D096ED14-4894-434D-9C12-1E563666480B}.Static Debug|ARM64.Build.0 = Win64|Win32
		{D096ED14-4894-434D-9C12-1E563666480B}.Static Debug|Win32.ActiveCfg = Debug|Win32
		{D096ED14-4894-434D-9C12-1E563666480B}.Static Debug|Win32.Build.0 = Debug|Win32
		{D096ED14-4894-434D-9C12-1E563666480B}.Static Debug|x64.ActiveCfg = Debug|Win32
		{D096ED14-4894-434D-9C12-1E563666480B}.Static Release|ARM.ActiveCfg = Win64|Win32
		{D096ED14-4894-434D-9C12-1E563666480B}.Static Release|ARM.Build.0 = Win64|Win32
		{D096ED14-4894-434D-9C12-1E563666480B}.Static Release|ARM64.ActiveCfg = Win64|Win32
		{D096ED14-4894-434D-9C12-1E563666480B}.Static Release|ARM64.Build.0 = Win64|Win32
		{D096ED14-4894-434D-9C12-1E563666480B}.Static Release|Win32.ActiveCfg = Release|Win32
		{D096ED14-4894-434D-9C12-1E563666480B}.Static Release|Win32.Build.0 = Release|Win32
		{D096ED14-4894-434D-9C12-1E563666480B}.Static Release|x64.ActiveCfg = Release|Win32
		{D096ED14-4894-434D-9C12-1E563666480B}.Static|ARM.ActiveCfg = Win64|Win32
		{D096ED14-4894-434D-9C12-1E563666480B}.Static|ARM.Build.0 = Win64|Win32
		{D096ED14-4894-434D-9C12-1E563666480B}.Static|ARM64.ActiveCfg = Win64|Win32
		{D096ED14-4894-434D-9C12-1E563666480B}.Static|ARM64.Build.0 = Win64|Win32
		{D096ED14-4894-434D-9C12-1E563666480B}.Static|Win32.ActiveCfg = Release|Win32
		{D096ED14-4894-434D-9C12-1E563666480B}.Static|x64.ActiveCfg = Release|Win32
		{D096ED14-4894-434D-9C12-1E563666480B}.Test Debug|ARM.ActiveCfg = Win64|Win32
		{D096ED14-4894-434D-9C12-1E563666480B}.Test Debug|ARM.Build.0 = Win64|Win32
		{D096ED14-4894-434D-9C12-1E563666480B}.Test Debug|ARM64.ActiveCfg = Win64|Win32
		{D096ED14-4894-434D-9C12-1E563666480B}.Test Debug|ARM64.Build.0 = Win64|Win32
		{D096ED14-4894-434D-9C12-1E563666480B}.Test Debug|Win32.ActiveCfg = Debug|Win32
		{D096ED14-4894-434D-9C12-1E563666480B}.Test Debug|Win32.Build.0 = Debug|Win32
		{D096ED14-4894-434D-9C12-1E563666480B}.Test Debug|x64.ActiveCfg = Debug|Win32
		{D096ED14-4894-434D-9C12-1E563666480B}.Test Debug|x64.Build.0 = Debug|Win32
		{D096ED14-4894-434D-9C12-1E563666480B}.Test|ARM.ActiveCfg = Win64|Win32
		{D096ED14-4894-434D-9C12-1E563666480B}.Test|ARM.Build.0 = Win64|Win32
		{D096ED14-4894-434D-9C12-1E563666480B}.Test|ARM64.ActiveCfg = Win64|Win32
		{D096ED14-4894-434D-9C12-1E563666480B}.Test|ARM64.Build.0 = Win64|Win32
		{D096ED14-4894-434D-9C12-1E563666480B}.Test|Win32.ActiveCfg = Release|Win32
		{D096ED14-4894-434D-9C12-1E563666480B}.Test|Win32.Build.0 = Release|Win32
		{D096ED14-4894-434D-9C12-1E563666480B}.Test|x64.ActiveCfg = Release|Win32
		{D096ED14-4894-434D-9C12-1E563666480B}.Test|x64.Build.0 = Release|Win32
		{802E1DDF-26D6-402E-BC4C-FA3F30F6F7E0}.Debug|ARM.ActiveCfg = Debug|Win32
		{802E1DDF-26D6-402E-BC4C-FA3F30F6F7E0}.Debug|ARM64.ActiveCfg = Debug|Win32
		{802E1DDF-26D6-402E-BC4C-FA3F30F6F7E0}.Debug|Win32.ActiveCfg = Debug|Win32
		{802E1DDF-26D6-402E-BC4C-FA3F30F6F7E0}.Debug|x64.ActiveCfg = Debug|Win32
		{802E1DDF-26D6-402E-BC4C-FA3F30F6F7E0}.ICU Debug|ARM.ActiveCfg = Win64|Win32
		{802E1DDF-26D6-402E-BC4C-FA3F30F6F7E0}.ICU Debug|ARM.Build.0 = Win64|Win32
		{802E1DDF-26D6-402E-BC4C-FA3F30F6F7E0}.ICU Debug|ARM64.ActiveCfg = Win64|Win32
		{802E1DDF-26D6-402E-BC4C-FA3F30F6F7E0}.ICU Debug|ARM64.Build.0 = Win64|Win32
		{802E1DDF-26D6-402E-BC4C-FA3F30F6F7E0}.ICU Debug|Win32.ActiveCfg = Debug|Win32
		{802E1DDF-26D6-402E-BC4C-FA3F30F6F7E0}.ICU Debug|Win32.Build.0 = Debug|Win32
		{802E1DDF-26D6-402E-BC4C-FA3F30F6F7E0}.ICU Debug|x64.ActiveCfg = Debug|Win32
		{802E1DDF-26D6-402E-BC4C-FA3F30F6F7E0}.ICU Release|ARM.ActiveCfg = Win64|Win32
		{802E1DDF-26D6-402E-BC4C-FA3F30F6F7E0}.ICU Release|ARM.Build.0 = Win64|Win32
		{802E1DDF-26D6-402E-BC4C-FA3F30F6F7E0}.ICU Release|ARM64.ActiveCfg = Win64|Win32
		{802E1DDF-26D6-402E-BC4C-FA3F30F6F7E0}.ICU Release|ARM64.Build.0 = Win64|Win32
		{802E1DDF-26D6-402E-BC4C-FA3F30F6F7E0}.ICU Release|Win32.ActiveCfg = Release|Win32
		{802E1DDF-26D6-402E-BC4C-FA3F30F6F7E0}.ICU Release|Win32.Build.0 = Release|Win32
		{802E1DDF-26D6-402E-BC4C-FA3F30F6F7E0}.ICU Release|x64.ActiveCfg = Release|Win32
		{802E1DDF-26D6-402E-BC4C-FA3F30F6F7E0}.Release|ARM.ActiveCfg = Release|Win32
		{802E1DDF-26D6-402E-BC4C-FA3F30F6F7E0}.Release|ARM64.ActiveCfg = Release|Win32
		{802E1DDF-26D6-402E-BC4C-FA3F30F6F7E0}.Release|Win32.ActiveCfg = Release|Win32
		{802E1DDF-26D6-402E-BC4C-FA3F30F6F7E0}.Release|x64.ActiveCfg = Release|Win32
		{802E1DDF-26D6-402E-BC4C-FA3F30F6F7E0}.Static Debug|ARM.ActiveCfg = Win64|Win32
		{802E1DDF-26D6-402E-BC4C-FA3F30F6F7E0}.Static Debug|ARM.Build.0 = Win64|Win32
		{802E1DDF-26D6-402E-BC4C-FA3F30F6F7E0}.Static Debug|ARM64.ActiveCfg = Win64|Win32
		{802E1DDF-26D6-402E-BC4C-FA3F30F6F7E0}.Static Debug|ARM64.Build.0 = Win64|Win32
		{802E1DDF-26D6-402E-BC4C-FA3F30F6F7E0}.Static Debug|Win32.ActiveCfg = Debug|Win32
		{802E1DDF-26D6-402E-BC4C-FA3F30F6F7E0}.Static Debug|Win32.Build.0 = Debug|Win32
		{802E1DDF-26D6-402E-BC4C-FA3F30F6F7E0}.Static Debug|x64.ActiveCfg = Debug|Win32
		{802E1DDF-26D6-402E-BC4C-FA3F30F6F7E0}.Static Release|ARM.ActiveCfg = Win64|Win32
		{802E1DDF-26D6-402E-BC4C-FA3F30F6F7E0}.Static Release|ARM.Build.0 = Win64|Win32
		{802E1DDF-26D6-402E-BC4C-FA3F30F6F7E0}.Static Release|ARM64.ActiveCfg = Win64|Win32
		{802E1DDF-26D6-402E-BC4C-FA3F30F6F7E0}.Static Release|ARM64.Build.0 = Win64|Win32
		{802E1DDF-26D6-402E-BC4C-FA3F30F6F7E0}.Static Release|Win32.ActiveCfg = Release|Win32
		{802E1DDF-26D6-402E-BC4C-FA3F30F6F7E0}.Static Release|Win32.Build.0 = Release|Win32
		{802E1DDF-26D6-402E-BC4C-FA3F30F6F7E0}.Static Release|x64.ActiveCfg = Release|Win32
		{802E1DDF-26D6-402E-BC4C-FA3F30F6F7E0}.Static|ARM.ActiveCfg = Win64|Win32
		{802E1DDF-26D6-402E-BC4C-FA3F30F6F7E0}.Static|ARM.Build.0 = Win64|Win32
		{802E1DDF-26D6-402E-BC4C-FA3F30F6F7E0}.Static|ARM64.ActiveCfg = Win64|Win32
		{802E1DDF-26D6-402E-BC4C-FA3F30F6F7E0}.Static|ARM64.Build.0 = Win64|Win32
		{802E1DDF-26D6-402E-BC4C-FA3F30F6F7E0}.Static|Win32.ActiveCfg = Release|Win32
		{802E1DDF-26D6-402E-BC4C-FA3F30F6F7E0}.Static|x64.ActiveCfg = Release|Win32
		{802E1DDF-26D6-402E-BC4C-FA3F30F6F7E0}.Test Debug|ARM.ActiveCfg = Win64|Win32
		{802E1DDF-26D6-402E-BC4C-FA3F30F6F7E0}.Test Debug|ARM.Build.0 = Win64|Win32
		{802E1DDF-26D6-402E-BC4C-FA3F30F6F7E0}.Test Debug|ARM64.ActiveCfg = Win64|Win32
		{802E1DDF-26D6-402E-BC4C-FA3F30F6F7E0}.Test Debug|ARM64.Build.0 = Win64|Win32
		{802E1DDF-26D6-402E-BC4C-FA3F30F6F7E0}.Test Debug|Win32.ActiveCfg = Debug|Win32
		{802E1DDF-26D6-402E-BC4C-FA3F30F6F7E0}.Test Debug|Win32.Build.0 = Debug|Win32
		{802E1DDF-26D6-402E-BC4C-FA3F30F6F7E0}.Test Debug|x64.ActiveCfg = Debug|Win32
		{802E1DDF-26D6-402E-BC4C-FA3F30F6F7E0}.Test Debug|x64.Build.0 = Debug|Win32
		{802E1DDF-26D6-402E-BC4C-FA3F30F6F7E0}.Test|ARM.ActiveCfg = Win64|Win32
		{802E1DDF-26D6-402E-BC4C-FA3F30F6F7E0}.Test|ARM.Build.0 = Win64|Win32
		{802E1DDF-26D6-402E-BC4C-FA3F30F6F7E0}.Test|ARM64.ActiveCfg = Win64|Win32
		{802E1DDF-26D6-402E-BC4C-FA3F30F6F7E0}.Test|ARM64.Build.0 = Win64|Win32
		{802E1DDF-26D6-402E-BC4C-FA3F30F6F7E0}.Test|Win32.ActiveCfg = Release|Win32
		{802E1DDF-26D6-402E-BC4C-FA3F30F6F7E0}.Test|Win32.Build.0 = Release|Win32
		{802E1DDF-26D6-402E-BC4C-FA3F30F6F7E0}.Test|x64.ActiveCfg = Release|Win32
		{802E1DDF-26D6-402E-BC4C-FA3F30F6F7E0}.Test|x64.Build.0 = Release|Win32
		{FE739FA4-C983-4E1B-9247-EEE2C97A8D68}.Debug|ARM.ActiveCfg = Debug|Win32
		{FE739FA4-C983-4E1B-9247-EEE2C97A8D68}.Debug|ARM64.ActiveCfg = Debug|Win32
		{FE739FA4-C983-4E1B-9247-EEE2C97A8D68}.Debug|Win32.ActiveCfg = Debug|Win32
		{FE739FA4-C983-4E1B-9247-EEE2C97A8D68}.Debug|Win32.Build.0 = Debug|Win32
		{FE739FA4-C983-4E1B-9247-EEE2C97A8D68}.Debug|x64.ActiveCfg = Debug|Win32
		{FE739FA4-C983-4E1B-9247-EEE2C97A8D68}.Debug|x64.Build.0 = Debug|Win32
		{FE739FA4-C983-4E1B-9247-EEE2C97A8D68}.ICU Debug|ARM.ActiveCfg = Win64|x64
		{FE739FA4-C983-4E1B-9247-EEE2C97A8D68}.ICU Debug|ARM.Build.0 = Win64|x64
		{FE739FA4-C983-4E1B-9247-EEE2C97A8D68}.ICU Debug|ARM64.ActiveCfg = Win64|x64
		{FE739FA4-C983-4E1B-9247-EEE2C97A8D68}.ICU Debug|ARM64.Build.0 = Win64|x64
		{FE739FA4-C983-4E1B-9247-EEE2C97A8D68}.ICU Debug|Win32.ActiveCfg = Debug|Win32
		{FE739FA4-C983-4E1B-9247-EEE2C97A8D68}.ICU Debug|Win32.Build.0 = Debug|Win32
		{FE739FA4-C983-4E1B-9247-EEE2C97A8D68}.ICU Debug|x64.ActiveCfg = Debug|Win32
		{FE739FA4-C983-4E1B-9247-EEE2C97A8D68}.ICU Release|ARM.ActiveCfg = Win64|x64
		{FE739FA4-C983-4E1B-9247-EEE2C97A8D68}.ICU Release|ARM.Build.0 = Win64|x64
		{FE739FA4-C983-4E1B-9247-EEE2C97A8D68}.ICU Release|ARM64.ActiveCfg = Win64|x64
		{FE739FA4-C983-4E1B-9247-EEE2C97A8D68}.ICU Release|ARM64.Build.0 = Win64|x64
		{FE739FA4-C983-4E1B-9247-EEE2C97A8D68}.ICU Release|Win32.ActiveCfg = Release|Win32
		{FE739FA4-C983-4E1B-9247-EEE2C97A8D68}.ICU Release|Win32.Build.0 = Release|Win32
		{FE739FA4-C983-4E1B-9247-EEE2C97A8D68}.ICU Release|x64.ActiveCfg = Release|Win32
		{FE739FA4-C983-4E1B-9247-EEE2C97A8D68}.Release|ARM.ActiveCfg = Release|Win32
		{FE739FA4-C983-4E1B-9247-EEE2C97A8D68}.Release|ARM64.ActiveCfg = Release|Win32
		{FE739FA4-C983-4E1B-9247-EEE2C97A8D68}.Release|Win32.ActiveCfg = Release|Win32
		{FE739FA4-C983-4E1B-9247-EEE2C97A8D68}.Release|Win32.Build.0 = Release|Win32
		{FE739FA4-C983-4E1B-9247-EEE2C97A8D68}.Release|x64.ActiveCfg = Release|x64
		{FE739FA4-C983-4E1B-9247-EEE2C97A8D68}.Static Debug|ARM.ActiveCfg = Win64|x64
		{FE739FA4-C983-4E1B-9247-EEE2C97A8D68}.Static Debug|ARM.Build.0 = Win64|x64
		{FE739FA4-C983-4E1B-9247-EEE2C97A8D68}.Static Debug|ARM64.ActiveCfg = Win64|x64
		{FE739FA4-C983-4E1B-9247-EEE2C97A8D68}.Static Debug|ARM64.Build.0 = Win64|x64
		{FE739FA4-C983-4E1B-9247-EEE2C97A8D68}.Static Debug|Win32.ActiveCfg = Debug|Win32
		{FE739FA4-C983-4E1B-9247-EEE2C97A8D68}.Static Debug|Win32.Build.0 = Debug|Win32
		{FE739FA4-C983-4E1B-9247-EEE2C97A8D68}.Static Debug|x64.ActiveCfg = Debug|Win32
		{FE739FA4-C983-4E1B-9247-EEE2C97A8D68}.Static Release|ARM.ActiveCfg = Win64|x64
		{FE739FA4-C983-4E1B-9247-EEE2C97A8D68}.Static Release|ARM.Build.0 = Win64|x64
		{FE739FA4-C983-4E1B-9247-EEE2C97A8D68}.Static Release|ARM64.ActiveCfg = Win64|x64
		{FE739FA4-C983-4E1B-9247-EEE2C97A8D68}.Static Release|ARM64.Build.0 = Win64|x64
		{FE739FA4-C983-4E1B-9247-EEE2C97A8D68}.Static Release|Win32.ActiveCfg = Release|Win32
		{FE739FA4-C983-4E1B-9247-EEE2C97A8D68}.Static Release|Win32.Build.0 = Release|Win32
		{FE739FA4-C983-4E1B-9247-EEE2C97A8D68}.Static Release|x64.ActiveCfg = Release|Win32
		{FE739FA4-C983-4E1B-9247-EEE2C97A8D68}.Static|ARM.ActiveCfg = Win64|x64
		{FE739FA4-C983-4E1B-9247-EEE2C97A8D68}.Static|ARM.Build.0 = Win64|x64
		{FE739FA4-C983-4E1B-9247-EEE2C97A8D68}.Static|ARM64.ActiveCfg = Win64|x64
		{FE739FA4-C983-4E1B-9247-EEE2C97A8D68}.Static|ARM64.Build.0 = Win64|x64
		{FE739FA4-C983-4E1B-9247-EEE2C97A8D68}.Static|Win32.ActiveCfg = Release|Win32
		{FE739FA4-C983-4E1B-9247-EEE2C97A8D68}.Static|Win32.Build.0 = Release|Win32
		{FE739FA4-C983-4E1B-9247-EEE2C97A8D68}.Static|x64.ActiveCfg = Release|Win32
		{FE739FA4-C983-4E1B-9247-EEE2C97A8D68}.Static|x64.Build.0 = Release|Win32
		{FE739FA4-C983-4E1B-9247-EEE2C97A8D68}.Test Debug|ARM.ActiveCfg = Win64|x64
		{FE739FA4-C983-4E1B-9247-EEE2C97A8D68}.Test Debug|ARM.Build.0 = Win64|x64
		{FE739FA4-C983-4E1B-9247-EEE2C97A8D68}.Test Debug|ARM64.ActiveCfg = Win64|x64
		{FE739FA4-C983-4E1B-9247-EEE2C97A8D68}.Test Debug|ARM64.Build.0 = Win64|x64
		{FE739FA4-C983-4E1B-9247-EEE2C97A8D68}.Test Debug|Win32.ActiveCfg = Debug|Win32
		{FE739FA4-C983-4E1B-9247-EEE2C97A8D68}.Test Debug|Win32.Build.0 = Debug|Win32
		{FE739FA4-C983-4E1B-9247-EEE2C97A8D68}.Test Debug|x64.ActiveCfg = Debug|Win32
		{FE739FA4-C983-4E1B-9247-EEE2C97A8D68}.Test Debug|x64.Build.0 = Debug|Win32
		{FE739FA4-C983-4E1B-9247-EEE2C97A8D68}.Test|ARM.ActiveCfg = Win64|x64
		{FE739FA4-C983-4E1B-9247-EEE2C97A8D68}.Test|ARM.Build.0 = Win64|x64
		{FE739FA4-C983-4E1B-9247-EEE2C97A8D68}.Test|ARM64.ActiveCfg = Win64|x64
		{FE739FA4-C983-4E1B-9247-EEE2C97A8D68}.Test|ARM64.Build.0 = Win64|x64
		{FE739FA4-C983-4E1B-9247-EEE2C97A8D68}.Test|Win32.ActiveCfg = Release|Win32
		{FE739FA4-C983-4E1B-9247-EEE2C97A8D68}.Test|Win32.Build.0 = Release|Win32
		{FE739FA4-C983-4E1B-9247-EEE2C97A8D68}.Test|x64.ActiveCfg = Release|Win32
		{FE739FA4-C983-4E1B-9247-EEE2C97A8D68}.Test|x64.Build.0 = Release|Win32
		{62F731E7-BFFB-403C-AD8C-CCBEBFAE8F7F}.Debug|ARM.ActiveCfg = Debug|Win32
		{62F731E7-BFFB-403C-AD8C-CCBEBFAE8F7F}.Debug|ARM64.ActiveCfg = Debug|Win32
		{62F731E7-BFFB-403C-AD8C-CCBEBFAE8F7F}.Debug|Win32.ActiveCfg = Debug|Win32
		{62F731E7-BFFB-403C-AD8C-CCBEBFAE8F7F}.Debug|Win32.Build.0 = Debug|Win32
		{62F731E7-BFFB-403C-AD8C-CCBEBFAE8F7F}.Debug|x64.ActiveCfg = Debug|x64
		{62F731E7-BFFB-403C-AD8C-CCBEBFAE8F7F}.Debug|x64.Build.0 = Debug|x64
		{62F731E7-BFFB-403C-AD8C-CCBEBFAE8F7F}.ICU Debug|ARM.ActiveCfg = Release|x64
		{62F731E7-BFFB-403C-AD8C-CCBEBFAE8F7F}.ICU Debug|ARM.Build.0 = Release|x64
		{62F731E7-BFFB-403C-AD8C-CCBEBFAE8F7F}.ICU Debug|ARM64.ActiveCfg = Release|x64
		{62F731E7-BFFB-403C-AD8C-CCBEBFAE8F7F}.ICU Debug|ARM64.Build.0 = Release|x64
		{62F731E7-BFFB-403C-AD8C-CCBEBFAE8F7F}.ICU Debug|Win32.ActiveCfg = Debug|Win32
		{62F731E7-BFFB-403C-AD8C-CCBEBFAE8F7F}.ICU Debug|Win32.Build.0 = Debug|Win32
		{62F731E7-BFFB-403C-AD8C-CCBEBFAE8F7F}.ICU Debug|x64.ActiveCfg = Debug|x64
		{62F731E7-BFFB-403C-AD8C-CCBEBFAE8F7F}.ICU Debug|x64.Build.0 = Debug|x64
		{62F731E7-BFFB-403C-AD8C-CCBEBFAE8F7F}.ICU Release|ARM.ActiveCfg = Release|x64
		{62F731E7-BFFB-403C-AD8C-CCBEBFAE8F7F}.ICU Release|ARM.Build.0 = Release|x64
		{62F731E7-BFFB-403C-AD8C-CCBEBFAE8F7F}.ICU Release|ARM64.ActiveCfg = Release|x64
		{62F731E7-BFFB-403C-AD8C-CCBEBFAE8F7F}.ICU Release|ARM64.Build.0 = Release|x64
		{62F731E7-BFFB-403C-AD8C-CCBEBFAE8F7F}.ICU Release|Win32.ActiveCfg = Release|Win32
		{62F731E7-BFFB-403C-AD8C-CCBEBFAE8F7F}.ICU Release|Win32.Build.0 = Release|Win32
		{62F731E7-BFFB-403C-AD8C-CCBEBFAE8F7F}.ICU Release|x64.ActiveCfg = Release|x64
		{62F731E7-BFFB-403C-AD8C-CCBEBFAE8F7F}.ICU Release|x64.Build.0 = Release|x64
		{62F731E7-BFFB-403C-AD8C-CCBEBFAE8F7F}.Release|ARM.ActiveCfg = Release|Win32
		{62F731E7-BFFB-403C-AD8C-CCBEBFAE8F7F}.Release|ARM64.ActiveCfg = Release|Win32
		{62F731E7-BFFB-403C-AD8C-CCBEBFAE8F7F}.Release|Win32.ActiveCfg = Release|Win32
		{62F731E7-BFFB-403C-AD8C-CCBEBFAE8F7F}.Release|Win32.Build.0 = Release|Win32
		{62F731E7-BFFB-403C-AD8C-CCBEBFAE8F7F}.Release|x64.ActiveCfg = Release|x64
		{62F731E7-BFFB-403C-AD8C-CCBEBFAE8F7F}.Release|x64.Build.0 = Release|x64
		{62F731E7-BFFB-403C-AD8C-CCBEBFAE8F7F}.Static Debug|ARM.ActiveCfg = Release|x64
		{62F731E7-BFFB-403C-AD8C-CCBEBFAE8F7F}.Static Debug|ARM.Build.0 = Release|x64
		{62F731E7-BFFB-403C-AD8C-CCBEBFAE8F7F}.Static Debug|ARM64.ActiveCfg = Release|x64
		{62F731E7-BFFB-403C-AD8C-CCBEBFAE8F7F}.Static Debug|ARM64.Build.0 = Release|x64
		{62F731E7-BFFB-403C-AD8C-CCBEBFAE8F7F}.Static Debug|Win32.ActiveCfg = Debug|Win32
		{62F731E7-BFFB-403C-AD8C-CCBEBFAE8F7F}.Static Debug|Win32.Build.0 = Debug|Win32
		{62F731E7-BFFB-403C-AD8C-CCBEBFAE8F7F}.Static Debug|x64.ActiveCfg = Debug|x64
		{62F731E7-BFFB-403C-AD8C-CCBEBFAE8F7F}.Static Debug|x64.Build.0 = Debug|x64
		{62F731E7-BFFB-403C-AD8C-CCBEBFAE8F7F}.Static Release|ARM.ActiveCfg = Release|x64
		{62F731E7-BFFB-403C-AD8C-CCBEBFAE8F7F}.Static Release|ARM.Build.0 = Release|x64
		{62F731E7-BFFB-403C-AD8C-CCBEBFAE8F7F}.Static Release|ARM64.ActiveCfg = Release|x64
		{62F731E7-BFFB-403C-AD8C-CCBEBFAE8F7F}.Static Release|ARM64.Build.0 = Release|x64
		{62F731E7-BFFB-403C-AD8C-CCBEBFAE8F7F}.Static Release|Win32.ActiveCfg = Release|Win32
		{62F731E7-BFFB-403C-AD8C-CCBEBFAE8F7F}.Static Release|Win32.Build.0 = Release|Win32
		{62F731E7-BFFB-403C-AD8C-CCBEBFAE8F7F}.Static Release|x64.ActiveCfg = Release|x64
		{62F731E7-BFFB-403C-AD8C-CCBEBFAE8F7F}.Static Release|x64.Build.0 = Release|x64
		{62F731E7-BFFB-403C-AD8C-CCBEBFAE8F7F}.Static|ARM.ActiveCfg = Release|x64
		{62F731E7-BFFB-403C-AD8C-CCBEBFAE8F7F}.Static|ARM.Build.0 = Release|x64
		{62F731E7-BFFB-403C-AD8C-CCBEBFAE8F7F}.Static|ARM64.ActiveCfg = Release|x64
		{62F731E7-BFFB-403C-AD8C-CCBEBFAE8F7F}.Static|ARM64.Build.0 = Release|x64
		{62F731E7-BFFB-403C-AD8C-CCBEBFAE8F7F}.Static|Win32.ActiveCfg = Release|x64
		{62F731E7-BFFB-403C-AD8C-CCBEBFAE8F7F}.Static|x64.ActiveCfg = Release|x64
		{62F731E7-BFFB-403C-AD8C-CCBEBFAE8F7F}.Static|x64.Build.0 = Release|x64
		{62F731E7-BFFB-403C-AD8C-CCBEBFAE8F7F}.Test Debug|ARM.ActiveCfg = Release|x64
		{62F731E7-BFFB-403C-AD8C-CCBEBFAE8F7F}.Test Debug|ARM.Build.0 = Release|x64
		{62F731E7-BFFB-403C-AD8C-CCBEBFAE8F7F}.Test Debug|ARM64.ActiveCfg = Release|x64
		{62F731E7-BFFB-403C-AD8C-CCBEBFAE8F7F}.Test Debug|ARM64.Build.0 = Release|x64
		{62F731E7-BFFB-403C-AD8C-CCBEBFAE8F7F}.Test Debug|Win32.ActiveCfg = Debug|Win32
		{62F731E7-BFFB-403C-AD8C-CCBEBFAE8F7F}.Test Debug|Win32.Build.0 = Debug|Win32
		{62F731E7-BFFB-403C-AD8C-CCBEBFAE8F7F}.Test Debug|x64.ActiveCfg = Debug|x64
		{62F731E7-BFFB-403C-AD8C-CCBEBFAE8F7F}.Test Debug|x64.Build.0 = Debug|x64
		{62F731E7-BFFB-403C-AD8C-CCBEBFAE8F7F}.Test|ARM.ActiveCfg = Release|x64
		{62F731E7-BFFB-403C-AD8C-CCBEBFAE8F7F}.Test|ARM.Build.0 = Release|x64
		{62F731E7-BFFB-403C-AD8C-CCBEBFAE8F7F}.Test|ARM64.ActiveCfg = Release|x64
		{62F731E7-BFFB-403C-AD8C-CCBEBFAE8F7F}.Test|ARM64.Build.0 = Release|x64
		{62F731E7-BFFB-403C-AD8C-CCBEBFAE8F7F}.Test|Win32.ActiveCfg = Release|x64
		{62F731E7-BFFB-403C-AD8C-CCBEBFAE8F7F}.Test|x64.ActiveCfg = Release|x64
		{62F731E7-BFFB-403C-AD8C-CCBEBFAE8F7F}.Test|x64.Build.0 = Release|x64
		{152CE948-F659-4206-A50A-1D2B9658EF96}.Debug|ARM.ActiveCfg = Debug|Win32
		{152CE948-F659-4206-A50A-1D2B9658EF96}.Debug|ARM64.ActiveCfg = Debug|Win32
		{152CE948-F659-4206-A50A-1D2B9658EF96}.Debug|Win32.ActiveCfg = Debug|Win32
		{152CE948-F659-4206-A50A-1D2B9658EF96}.Debug|Win32.Build.0 = Debug|Win32
		{152CE948-F659-4206-A50A-1D2B9658EF96}.Debug|x64.ActiveCfg = Debug|x64
		{152CE948-F659-4206-A50A-1D2B9658EF96}.Debug|x64.Build.0 = Debug|x64
		{152CE948-F659-4206-A50A-1D2B9658EF96}.ICU Debug|ARM.ActiveCfg = ICU Debug|Win32
		{152CE948-F659-4206-A50A-1D2B9658EF96}.ICU Debug|ARM64.ActiveCfg = ICU Debug|Win32
		{152CE948-F659-4206-A50A-1D2B9658EF96}.ICU Debug|Win32.ActiveCfg = ICU Debug|Win32
		{152CE948-F659-4206-A50A-1D2B9658EF96}.ICU Debug|Win32.Build.0 = ICU Debug|Win32
		{152CE948-F659-4206-A50A-1D2B9658EF96}.ICU Debug|x64.ActiveCfg = ICU Debug|x64
		{152CE948-F659-4206-A50A-1D2B9658EF96}.ICU Debug|x64.Build.0 = ICU Debug|x64
		{152CE948-F659-4206-A50A-1D2B9658EF96}.ICU Release|ARM.ActiveCfg = ICU Release|Win32
		{152CE948-F659-4206-A50A-1D2B9658EF96}.ICU Release|ARM64.ActiveCfg = ICU Release|Win32
		{152CE948-F659-4206-A50A-1D2B9658EF96}.ICU Release|Win32.ActiveCfg = ICU Release|Win32
		{152CE948-F659-4206-A50A-1D2B9658EF96}.ICU Release|Win32.Build.0 = ICU Release|Win32
		{152CE948-F659-4206-A50A-1D2B9658EF96}.ICU Release|x64.ActiveCfg = ICU Release|x64
		{152CE948-F659-4206-A50A-1D2B9658EF96}.ICU Release|x64.Build.0 = ICU Release|x64
		{152CE948-F659-4206-A50A-1D2B9658EF96}.Release|ARM.ActiveCfg = Release|Win32
		{152CE948-F659-4206-A50A-1D2B9658EF96}.Release|ARM64.ActiveCfg = Release|Win32
		{152CE948-F659-4206-A50A-1D2B9658EF96}.Release|Win32.ActiveCfg = Release|Win32
		{152CE948-F659-4206-A50A-1D2B9658EF96}.Release|Win32.Build.0 = Release|Win32
		{152CE948-F659-4206-A50A-1D2B9658EF96}.Release|x64.ActiveCfg = Static Release|x64
		{152CE948-F659-4206-A50A-1D2B9658EF96}.Release|x64.Build.0 = Static Release|x64
		{152CE948-F659-4206-A50A-1D2B9658EF96}.Static Debug|ARM.ActiveCfg = Static Debug|Win32
		{152CE948-F659-4206-A50A-1D2B9658EF96}.Static Debug|ARM64.ActiveCfg = Static Debug|Win32
		{152CE948-F659-4206-A50A-1D2B9658EF96}.Static Debug|Win32.ActiveCfg = Static Debug|Win32
		{152CE948-F659-4206-A50A-1D2B9658EF96}.Static Debug|Win32.Build.0 = Static Debug|Win32
		{152CE948-F659-4206-A50A-1D2B9658EF96}.Static Debug|x64.ActiveCfg = Static Debug|x64
		{152CE948-F659-4206-A50A-1D2B9658EF96}.Static Debug|x64.Build.0 = Static Debug|x64
		{152CE948-F659-4206-A50A-1D2B9658EF96}.Static Release|ARM.ActiveCfg = Static Release|Win32
		{152CE948-F659-4206-A50A-1D2B9658EF96}.Static Release|ARM64.ActiveCfg = Static Release|Win32
		{152CE948-F659-4206-A50A-1D2B9658EF96}.Static Release|Win32.ActiveCfg = Static Release|Win32
		{152CE948-F659-4206-A50A-1D2B9658EF96}.Static Release|Win32.Build.0 = Static Release|Win32
		{152CE948-F659-4206-A50A-1D2B9658EF96}.Static Release|x64.ActiveCfg = Static Release|x64
		{152CE948-F659-4206-A50A-1D2B9658EF96}.Static Release|x64.Build.0 = Static Release|x64
		{152CE948-F659-4206-A50A-1D2B9658EF96}.Static|ARM.ActiveCfg = Release|x64
		{152CE948-F659-4206-A50A-1D2B9658EF96}.Static|ARM.Build.0 = Release|x64
		{152CE948-F659-4206-A50A-1D2B9658EF96}.Static|ARM64.ActiveCfg = Release|x64
		{152CE948-F659-4206-A50A-1D2B9658EF96}.Static|ARM64.Build.0 = Release|x64
		{152CE948-F659-4206-A50A-1D2B9658EF96}.Static|Win32.ActiveCfg = Static Debug|Win32
		{152CE948-F659-4206-A50A-1D2B9658EF96}.Static|Win32.Build.0 = Static Debug|Win32
		{152CE948-F659-4206-A50A-1D2B9658EF96}.Static|x64.ActiveCfg = Static Debug|x64
		{152CE948-F659-4206-A50A-1D2B9658EF96}.Static|x64.Build.0 = Static Debug|x64
		{152CE948-F659-4206-A50A-1D2B9658EF96}.Test Debug|ARM.ActiveCfg = Release|x64
		{152CE948-F659-4206-A50A-1D2B9658EF96}.Test Debug|ARM.Build.0 = Release|x64
		{152CE948-F659-4206-A50A-1D2B9658EF96}.Test Debug|ARM64.ActiveCfg = Release|x64
		{152CE948-F659-4206-A50A-1D2B9658EF96}.Test Debug|ARM64.Build.0 = Release|x64
		{152CE948-F659-4206-A50A-1D2B9658EF96}.Test Debug|Win32.ActiveCfg = Debug|Win32
		{152CE948-F659-4206-A50A-1D2B9658EF96}.Test Debug|Win32.Build.0 = Debug|Win32
		{152CE948-F659-4206-A50A-1D2B9658EF96}.Test Debug|x64.ActiveCfg = Debug|x64
		{152CE948-F659-4206-A50A-1D2B9658EF96}.Test Debug|x64.Build.0 = Debug|x64
		{152CE948-F659-4206-A50A-1D2B9658EF96}.Test|ARM.ActiveCfg = Release|x64
		{152CE948-F659-4206-A50A-1D2B9658EF96}.Test|ARM.Build.0 = Release|x64
		{152CE948-F659-4206-A50A-1D2B9658EF96}.Test|ARM64.ActiveCfg = Release|x64
		{152CE948-F659-4206-A50A-1D2B9658EF96}.Test|ARM64.Build.0 = Release|x64
		{152CE948-F659-4206-A50A-1D2B9658EF96}.Test|Win32.ActiveCfg = Release|Win32
		{152CE948-F659-4206-A50A-1D2B9658EF96}.Test|Win32.Build.0 = Release|Win32
		{152CE948-F659-4206-A50A-1D2B9658EF96}.Test|x64.ActiveCfg = Release|x64
		{152CE948-F659-4206-A50A-1D2B9658EF96}.Test|x64.Build.0 = Release|x64
		{349EE8F9-7D25-4909-AAF5-FF3FADE72187}.Debug|ARM.ActiveCfg = Debug|ARM
		{349EE8F9-7D25-4909-AAF5-FF3FADE72187}.Debug|ARM.Build.0 = Debug|ARM
		{349EE8F9-7D25-4909-AAF5-FF3FADE72187}.Debug|ARM64.ActiveCfg = Debug|ARM64
		{349EE8F9-7D25-4909-AAF5-FF3FADE72187}.Debug|ARM64.Build.0 = Debug|ARM64
		{349EE8F9-7D25-4909-AAF5-FF3FADE72187}.Debug|Win32.ActiveCfg = Debug|Win32
		{349EE8F9-7D25-4909-AAF5-FF3FADE72187}.Debug|Win32.Build.0 = Debug|Win32
		{349EE8F9-7D25-4909-AAF5-FF3FADE72187}.Debug|x64.ActiveCfg = Debug|x64
		{349EE8F9-7D25-4909-AAF5-FF3FADE72187}.Debug|x64.Build.0 = Debug|x64
		{349EE8F9-7D25-4909-AAF5-FF3FADE72187}.ICU Debug|ARM.ActiveCfg = Debug|ARM
		{349EE8F9-7D25-4909-AAF5-FF3FADE72187}.ICU Debug|ARM.Build.0 = Debug|ARM
		{349EE8F9-7D25-4909-AAF5-FF3FADE72187}.ICU Debug|ARM64.ActiveCfg = Debug|ARM64
		{349EE8F9-7D25-4909-AAF5-FF3FADE72187}.ICU Debug|ARM64.Build.0 = Debug|ARM64
		{349EE8F9-7D25-4909-AAF5-FF3FADE72187}.ICU Debug|Win32.ActiveCfg = Debug|Win32
		{349EE8F9-7D25-4909-AAF5-FF3FADE72187}.ICU Debug|Win32.Build.0 = Debug|Win32
		{349EE8F9-7D25-4909-AAF5-FF3FADE72187}.ICU Debug|x64.ActiveCfg = Debug|x64
		{349EE8F9-7D25-4909-AAF5-FF3FADE72187}.ICU Debug|x64.Build.0 = Debug|x64
		{349EE8F9-7D25-4909-AAF5-FF3FADE72187}.ICU Release|ARM.ActiveCfg = Release|ARM
		{349EE8F9-7D25-4909-AAF5-FF3FADE72187}.ICU Release|ARM.Build.0 = Release|ARM
		{349EE8F9-7D25-4909-AAF5-FF3FADE72187}.ICU Release|ARM64.ActiveCfg = Release|ARM64
		{349EE8F9-7D25-4909-AAF5-FF3FADE72187}.ICU Release|ARM64.Build.0 = Release|ARM64
		{349EE8F9-7D25-4909-AAF5-FF3FADE72187}.ICU Release|Win32.ActiveCfg = Release|Win32
		{349EE8F9-7D25-4909-AAF5-FF3FADE72187}.ICU Release|Win32.Build.0 = Release|Win32
		{349EE8F9-7D25-4909-AAF5-FF3FADE72187}.ICU Release|x64.ActiveCfg = Release|x64
		{349EE8F9-7D25-4909-AAF5-FF3FADE72187}.ICU Release|x64.Build.0 = Release|x64
		{349EE8F9-7D25-4909-AAF5-FF3FADE72187}.Release|ARM.ActiveCfg = Release|ARM
		{349EE8F9-7D25-4909-AAF5-FF3FADE72187}.Release|ARM.Build.0 = Release|ARM
		{349EE8F9-7D25-4909-AAF5-FF3FADE72187}.Release|ARM64.ActiveCfg = Release|ARM64
		{349EE8F9-7D25-4909-AAF5-FF3FADE72187}.Release|ARM64.Build.0 = Release|ARM64
		{349EE8F9-7D25-4909-AAF5-FF3FADE72187}.Release|Win32.ActiveCfg = Release|Win32
		{349EE8F9-7D25-4909-AAF5-FF3FADE72187}.Release|Win32.Build.0 = Release|Win32
		{349EE8F9-7D25-4909-AAF5-FF3FADE72187}.Release|x64.ActiveCfg = Release|x64
		{349EE8F9-7D25-4909-AAF5-FF3FADE72187}.Release|x64.Build.0 = Release|x64
		{349EE8F9-7D25-4909-AAF5-FF3FADE72187}.Static Debug|ARM.ActiveCfg = Debug|ARM
		{349EE8F9-7D25-4909-AAF5-FF3FADE72187}.Static Debug|ARM.Build.0 = Debug|ARM
		{349EE8F9-7D25-4909-AAF5-FF3FADE72187}.Static Debug|ARM64.ActiveCfg = Debug|ARM64
		{349EE8F9-7D25-4909-AAF5-FF3FADE72187}.Static Debug|ARM64.Build.0 = Debug|ARM64
		{349EE8F9-7D25-4909-AAF5-FF3FADE72187}.Static Debug|Win32.ActiveCfg = Debug|Win32
		{349EE8F9-7D25-4909-AAF5-FF3FADE72187}.Static Debug|Win32.Build.0 = Debug|Win32
		{349EE8F9-7D25-4909-AAF5-FF3FADE72187}.Static Debug|x64.ActiveCfg = Debug|x64
		{349EE8F9-7D25-4909-AAF5-FF3FADE72187}.Static Debug|x64.Build.0 = Debug|x64
		{349EE8F9-7D25-4909-AAF5-FF3FADE72187}.Static Release|ARM.ActiveCfg = Release|ARM
		{349EE8F9-7D25-4909-AAF5-FF3FADE72187}.Static Release|ARM.Build.0 = Release|ARM
		{349EE8F9-7D25-4909-AAF5-FF3FADE72187}.Static Release|ARM64.ActiveCfg = Release|ARM64
		{349EE8F9-7D25-4909-AAF5-FF3FADE72187}.Static Release|ARM64.Build.0 = Release|ARM64
		{349EE8F9-7D25-4909-AAF5-FF3FADE72187}.Static Release|Win32.ActiveCfg = Release|Win32
		{349EE8F9-7D25-4909-AAF5-FF3FADE72187}.Static Release|Win32.Build.0 = Release|Win32
		{349EE8F9-7D25-4909-AAF5-FF3FADE72187}.Static Release|x64.ActiveCfg = Release|x64
		{349EE8F9-7D25-4909-AAF5-FF3FADE72187}.Static Release|x64.Build.0 = Release|x64
		{349EE8F9-7D25-4909-AAF5-FF3FADE72187}.Static|ARM.ActiveCfg = Debug|ARM
		{349EE8F9-7D25-4909-AAF5-FF3FADE72187}.Static|ARM.Build.0 = Debug|ARM
		{349EE8F9-7D25-4909-AAF5-FF3FADE72187}.Static|ARM64.ActiveCfg = Debug|ARM64
		{349EE8F9-7D25-4909-AAF5-FF3FADE72187}.Static|ARM64.Build.0 = Debug|ARM64
		{349EE8F9-7D25-4909-AAF5-FF3FADE72187}.Static|Win32.ActiveCfg = Debug|Win32
		{349EE8F9-7D25-4909-AAF5-FF3FADE72187}.Static|Win32.Build.0 = Debug|Win32
		{349EE8F9-7D25-4909-AAF5-FF3FADE72187}.Static|x64.ActiveCfg = Debug|x64
		{349EE8F9-7D25-4909-AAF5-FF3FADE72187}.Static|x64.Build.0 = Debug|x64
		{349EE8F9-7D25-4909-AAF5-FF3FADE72187}.Test Debug|ARM.ActiveCfg = Debug|ARM
		{349EE8F9-7D25-4909-AAF5-FF3FADE72187}.Test Debug|ARM.Build.0 = Debug|ARM
		{349EE8F9-7D25-4909-AAF5-FF3FADE72187}.Test Debug|ARM64.ActiveCfg = Debug|ARM64
		{349EE8F9-7D25-4909-AAF5-FF3FADE72187}.Test Debug|ARM64.Build.0 = Debug|ARM64
		{349EE8F9-7D25-4909-AAF5-FF3FADE72187}.Test Debug|Win32.ActiveCfg = Debug|Win32
		{349EE8F9-7D25-4909-AAF5-FF3FADE72187}.Test Debug|Win32.Build.0 = Debug|Win32
		{349EE8F9-7D25-4909-AAF5-FF3FADE72187}.Test Debug|x64.ActiveCfg = Debug|x64
		{349EE8F9-7D25-4909-AAF5-FF3FADE72187}.Test Debug|x64.Build.0 = Debug|x64
		{349EE8F9-7D25-4909-AAF5-FF3FADE72187}.Test|ARM.ActiveCfg = Debug|ARM
		{349EE8F9-7D25-4909-AAF5-FF3FADE72187}.Test|ARM.Build.0 = Debug|ARM
		{349EE8F9-7D25-4909-AAF5-FF3FADE72187}.Test|ARM64.ActiveCfg = Debug|ARM64
		{349EE8F9-7D25-4909-AAF5-FF3FADE72187}.Test|ARM64.Build.0 = Debug|ARM64
		{349EE8F9-7D25-4909-AAF5-FF3FADE72187}.Test|Win32.ActiveCfg = Debug|Win32
		{349EE8F9-7D25-4909-AAF5-FF3FADE72187}.Test|Win32.Build.0 = Debug|Win32
		{349EE8F9-7D25-4909-AAF5-FF3FADE72187}.Test|x64.ActiveCfg = Debug|x64
		{349EE8F9-7D25-4909-AAF5-FF3FADE72187}.Test|x64.Build.0 = Debug|x64
	EndGlobalSection
	GlobalSection(SolutionProperties) = preSolution
		HideSolutionNode = FALSE
	EndGlobalSection
	GlobalSection(ExtensibilityGlobals) = postSolution
		SolutionGuid = {39D04435-AC56-45CF-820D-17DBBE1CC9F2}
	EndGlobalSection
EndGlobal
